
Microsoft Visual Studio Solution File, Format Version 12.00
# Visual Studio Version 17
VisualStudioVersion = 17.10.35122.118
MinimumVisualStudioVersion = 10.0.40219.1
Project("{9A19103F-16F7-4668-BE54-9A1E7A4F7556}") = "DP", "DP\DP.csproj", "{82B37843-7D23-46DD-8A0B-7511D1A0CB3B}"
EndProject
Project("{9A19103F-16F7-4668-BE54-9A1E7A4F7556}") = "Sorting", "Sorting\Sorting.csproj", "{0009359C-3FBE-4835-AD67-A040A0F49D60}"
EndProject
Project("{9A19103F-16F7-4668-BE54-9A1E7A4F7556}") = "HashMapping", "HashMapping\HashMapping.csproj", "{5CEBE838-F697-4D9F-AF8E-5CD1BED4D8DA}"
EndProject
Project("{9A19103F-16F7-4668-BE54-9A1E7A4F7556}") = "ArrayString", "ArrayString\ArrayString.csproj", "{E8D3F1F4-F71A-48E3-A202-4C02F7785049}"
EndProject
Project("{9A19103F-16F7-4668-BE54-9A1E7A4F7556}") = "TwoPointers", "TwoPointers\TwoPointers.csproj", "{BFFE3F3C-0FCD-4E32-912B-F75A51EBBC1C}"
EndProject
Project("{9A19103F-16F7-4668-BE54-9A1E7A4F7556}") = "Matrix", "Matrix\Matrix.csproj", "{3BCD7F9B-4D84-4BF0-A867-58DAC1E02FBB}"
EndProject
Project("{9A19103F-16F7-4668-BE54-9A1E7A4F7556}") = "SlidingWindow", "SlidingWindow\SlidingWindow.csproj", "{A865D010-9E5B-4519-96E1-42E2DE21144F}"
EndProject
Project("{9A19103F-16F7-4668-BE54-9A1E7A4F7556}") = "Intervals", "Intervals\Intervals.csproj", "{A6A6139B-C9BF-470C-AC8C-88747E10C543}"
EndProject
Project("{9A19103F-16F7-4668-BE54-9A1E7A4F7556}") = "LinkedList", "LinkedList\LinkedList.csproj", "{4E758E8F-F58A-41DA-A073-1D2D3CF056EB}"
EndProject
Project("{9A19103F-16F7-4668-BE54-9A1E7A4F7556}") = "BinaryTreeGeneral", "BinaryTreeGeneral\BinaryTreeGeneral.csproj", "{0EDEBAB7-864E-42DE-95C2-01EEC9484F4F}"
EndProject
Project("{9A19103F-16F7-4668-BE54-9A1E7A4F7556}") = "BinaryTreeBFS", "BinaryTreeBFS\BinaryTreeBFS.csproj", "{891C9FBD-F993-4497-B284-5E7A8BB65BD2}"
EndProject
Project("{9A19103F-16F7-4668-BE54-9A1E7A4F7556}") = "BinarySearchTree", "BinarySearchTree\BinarySearchTree.csproj", "{82F03DE6-962A-496D-B0DD-0C3DF574C702}"
EndProject
Project("{9A19103F-16F7-4668-BE54-9A1E7A4F7556}") = "GraphGeneral", "GraphGeneral\GraphGeneral.csproj", "{F25C06CE-9AAC-416E-AD1B-8BC75FF3F1BF}"
EndProject
Project("{9A19103F-16F7-4668-BE54-9A1E7A4F7556}") = "GraphBFS", "GraphBFS\GraphBFS.csproj", "{1E1ED161-FE5D-408F-A285-FC8B238E3A43}"
EndProject
Project("{9A19103F-16F7-4668-BE54-9A1E7A4F7556}") = "Depth_Breadth_FirstSearch", "Depth_Breadth_FirstSearch\Depth_Breadth_FirstSearch.csproj", "{01A481B3-44BA-4595-857C-EF64BAD6A5CF}"
EndProject
Project("{9A19103F-16F7-4668-BE54-9A1E7A4F7556}") = "CommonUtil", "CommonUtil\CommonUtil.csproj", "{8BB3FC60-4F47-412F-9BA5-44F9057A7F8A}"
EndProject
Project("{2150E333-8FDC-42A3-9474-1A3956D46DE8}") = "Solution Items", "Solution Items", "{BA44C53E-90FE-4229-8F40-F1AAF2CF4977}"
EndProject
Project("{FAE04EC0-301F-11D3-BF4B-00C04F79EFBC}") = "Stack.Heap", "Stack.Heap\Stack.Heap.csproj", "{D37287CA-911E-45C6-BDEB-E342E7899419}"
EndProject
Global
	GlobalSection(SolutionConfigurationPlatforms) = preSolution
		Debug|Any CPU = Debug|Any CPU
		Release|Any CPU = Release|Any CPU
	EndGlobalSection
	GlobalSection(ProjectConfigurationPlatforms) = postSolution
		{82B37843-7D23-46DD-8A0B-7511D1A0CB3B}.Debug|Any CPU.ActiveCfg = Debug|Any CPU
		{82B37843-7D23-46DD-8A0B-7511D1A0CB3B}.Debug|Any CPU.Build.0 = Debug|Any CPU
		{82B37843-7D23-46DD-8A0B-7511D1A0CB3B}.Release|Any CPU.ActiveCfg = Release|Any CPU
		{82B37843-7D23-46DD-8A0B-7511D1A0CB3B}.Release|Any CPU.Build.0 = Release|Any CPU
		{0009359C-3FBE-4835-AD67-A040A0F49D60}.Debug|Any CPU.ActiveCfg = Debug|Any CPU
		{0009359C-3FBE-4835-AD67-A040A0F49D60}.Debug|Any CPU.Build.0 = Debug|Any CPU
		{0009359C-3FBE-4835-AD67-A040A0F49D60}.Release|Any CPU.ActiveCfg = Release|Any CPU
		{0009359C-3FBE-4835-AD67-A040A0F49D60}.Release|Any CPU.Build.0 = Release|Any CPU
		{5CEBE838-F697-4D9F-AF8E-5CD1BED4D8DA}.Debug|Any CPU.ActiveCfg = Debug|Any CPU
		{5CEBE838-F697-4D9F-AF8E-5CD1BED4D8DA}.Debug|Any CPU.Build.0 = Debug|Any CPU
		{5CEBE838-F697-4D9F-AF8E-5CD1BED4D8DA}.Release|Any CPU.ActiveCfg = Release|Any CPU
		{5CEBE838-F697-4D9F-AF8E-5CD1BED4D8DA}.Release|Any CPU.Build.0 = Release|Any CPU
		{E8D3F1F4-F71A-48E3-A202-4C02F7785049}.Debug|Any CPU.ActiveCfg = Debug|Any CPU
		{E8D3F1F4-F71A-48E3-A202-4C02F7785049}.Debug|Any CPU.Build.0 = Debug|Any CPU
		{E8D3F1F4-F71A-48E3-A202-4C02F7785049}.Release|Any CPU.ActiveCfg = Release|Any CPU
		{E8D3F1F4-F71A-48E3-A202-4C02F7785049}.Release|Any CPU.Build.0 = Release|Any CPU
		{BFFE3F3C-0FCD-4E32-912B-F75A51EBBC1C}.Debug|Any CPU.ActiveCfg = Debug|Any CPU
		{BFFE3F3C-0FCD-4E32-912B-F75A51EBBC1C}.Debug|Any CPU.Build.0 = Debug|Any CPU
		{BFFE3F3C-0FCD-4E32-912B-F75A51EBBC1C}.Release|Any CPU.ActiveCfg = Release|Any CPU
		{BFFE3F3C-0FCD-4E32-912B-F75A51EBBC1C}.Release|Any CPU.Build.0 = Release|Any CPU
		{3BCD7F9B-4D84-4BF0-A867-58DAC1E02FBB}.Debug|Any CPU.ActiveCfg = Debug|Any CPU
		{3BCD7F9B-4D84-4BF0-A867-58DAC1E02FBB}.Debug|Any CPU.Build.0 = Debug|Any CPU
		{3BCD7F9B-4D84-4BF0-A867-58DAC1E02FBB}.Release|Any CPU.ActiveCfg = Release|Any CPU
		{3BCD7F9B-4D84-4BF0-A867-58DAC1E02FBB}.Release|Any CPU.Build.0 = Release|Any CPU
		{A865D010-9E5B-4519-96E1-42E2DE21144F}.Debug|Any CPU.ActiveCfg = Debug|Any CPU
		{A865D010-9E5B-4519-96E1-42E2DE21144F}.Debug|Any CPU.Build.0 = Debug|Any CPU
		{A865D010-9E5B-4519-96E1-42E2DE21144F}.Release|Any CPU.ActiveCfg = Release|Any CPU
		{A865D010-9E5B-4519-96E1-42E2DE21144F}.Release|Any CPU.Build.0 = Release|Any CPU
		{A6A6139B-C9BF-470C-AC8C-88747E10C543}.Debug|Any CPU.ActiveCfg = Debug|Any CPU
		{A6A6139B-C9BF-470C-AC8C-88747E10C543}.Debug|Any CPU.Build.0 = Debug|Any CPU
		{A6A6139B-C9BF-470C-AC8C-88747E10C543}.Release|Any CPU.ActiveCfg = Release|Any CPU
		{A6A6139B-C9BF-470C-AC8C-88747E10C543}.Release|Any CPU.Build.0 = Release|Any CPU
		{4E758E8F-F58A-41DA-A073-1D2D3CF056EB}.Debug|Any CPU.ActiveCfg = Debug|Any CPU
		{4E758E8F-F58A-41DA-A073-1D2D3CF056EB}.Debug|Any CPU.Build.0 = Debug|Any CPU
		{4E758E8F-F58A-41DA-A073-1D2D3CF056EB}.Release|Any CPU.ActiveCfg = Release|Any CPU
		{4E758E8F-F58A-41DA-A073-1D2D3CF056EB}.Release|Any CPU.Build.0 = Release|Any CPU
		{0EDEBAB7-864E-42DE-95C2-01EEC9484F4F}.Debug|Any CPU.ActiveCfg = Debug|Any CPU
		{0EDEBAB7-864E-42DE-95C2-01EEC9484F4F}.Debug|Any CPU.Build.0 = Debug|Any CPU
		{0EDEBAB7-864E-42DE-95C2-01EEC9484F4F}.Release|Any CPU.ActiveCfg = Release|Any CPU
		{0EDEBAB7-864E-42DE-95C2-01EEC9484F4F}.Release|Any CPU.Build.0 = Release|Any CPU
		{891C9FBD-F993-4497-B284-5E7A8BB65BD2}.Debug|Any CPU.ActiveCfg = Debug|Any CPU
		{891C9FBD-F993-4497-B284-5E7A8BB65BD2}.Debug|Any CPU.Build.0 = Debug|Any CPU
		{891C9FBD-F993-4497-B284-5E7A8BB65BD2}.Release|Any CPU.ActiveCfg = Release|Any CPU
		{891C9FBD-F993-4497-B284-5E7A8BB65BD2}.Release|Any CPU.Build.0 = Release|Any CPU
		{82F03DE6-962A-496D-B0DD-0C3DF574C702}.Debug|Any CPU.ActiveCfg = Debug|Any CPU
		{82F03DE6-962A-496D-B0DD-0C3DF574C702}.Debug|Any CPU.Build.0 = Debug|Any CPU
		{82F03DE6-962A-496D-B0DD-0C3DF574C702}.Release|Any CPU.ActiveCfg = Release|Any CPU
		{82F03DE6-962A-496D-B0DD-0C3DF574C702}.Release|Any CPU.Build.0 = Release|Any CPU
		{F25C06CE-9AAC-416E-AD1B-8BC75FF3F1BF}.Debug|Any CPU.ActiveCfg = Debug|Any CPU
		{F25C06CE-9AAC-416E-AD1B-8BC75FF3F1BF}.Debug|Any CPU.Build.0 = Debug|Any CPU
		{F25C06CE-9AAC-416E-AD1B-8BC75FF3F1BF}.Release|Any CPU.ActiveCfg = Release|Any CPU
		{F25C06CE-9AAC-416E-AD1B-8BC75FF3F1BF}.Release|Any CPU.Build.0 = Release|Any CPU
		{1E1ED161-FE5D-408F-A285-FC8B238E3A43}.Debug|Any CPU.ActiveCfg = Debug|Any CPU
		{1E1ED161-FE5D-408F-A285-FC8B238E3A43}.Debug|Any CPU.Build.0 = Debug|Any CPU
		{1E1ED161-FE5D-408F-A285-FC8B238E3A43}.Release|Any CPU.ActiveCfg = Release|Any CPU
		{1E1ED161-FE5D-408F-A285-FC8B238E3A43}.Release|Any CPU.Build.0 = Release|Any CPU
		{01A481B3-44BA-4595-857C-EF64BAD6A5CF}.Debug|Any CPU.ActiveCfg = Debug|Any CPU
		{01A481B3-44BA-4595-857C-EF64BAD6A5CF}.Debug|Any CPU.Build.0 = Debug|Any CPU
		{01A481B3-44BA-4595-857C-EF64BAD6A5CF}.Release|Any CPU.ActiveCfg = Release|Any CPU
		{01A481B3-44BA-4595-857C-EF64BAD6A5CF}.Release|Any CPU.Build.0 = Release|Any CPU
		{8BB3FC60-4F47-412F-9BA5-44F9057A7F8A}.Debug|Any CPU.ActiveCfg = Debug|Any CPU
		{8BB3FC60-4F47-412F-9BA5-44F9057A7F8A}.Debug|Any CPU.Build.0 = Debug|Any CPU
		{8BB3FC60-4F47-412F-9BA5-44F9057A7F8A}.Release|Any CPU.ActiveCfg = Release|Any CPU
		{8BB3FC60-4F47-412F-9BA5-44F9057A7F8A}.Release|Any CPU.Build.0 = Release|Any CPU
		{D37287CA-911E-45C6-BDEB-E342E7899419}.Debug|Any CPU.ActiveCfg = Debug|Any CPU
		{D37287CA-911E-45C6-BDEB-E342E7899419}.Debug|Any CPU.Build.0 = Debug|Any CPU
		{D37287CA-911E-45C6-BDEB-E342E7899419}.Release|Any CPU.ActiveCfg = Release|Any CPU
		{D37287CA-911E-45C6-BDEB-E342E7899419}.Release|Any CPU.Build.0 = Release|Any CPU
	EndGlobalSection
	GlobalSection(SolutionProperties) = preSolution
		HideSolutionNode = FALSE
	EndGlobalSection
	GlobalSection(ExtensibilityGlobals) = postSolution
		SolutionGuid = {C9194847-6F9A-494B-94DD-E90EAD0878FE}
	EndGlobalSection
EndGlobal
