
Microsoft Visual Studio Solution File, Format Version 12.00
# Visual Studio Version 17
VisualStudioVersion = 17.10.35122.118
MinimumVisualStudioVersion = 10.0.40219.1
Project("{FAE04EC0-301F-11D3-BF4B-00C04F79EFBC}") = "DP", "DP\DP.csproj", "{82B37843-7D23-46DD-8A0B-7511D1A0CB3B}"
EndProject
Project("{9A19103F-16F7-4668-BE54-9A1E7A4F7556}") = "Array", "Array\Array.csproj", "{2835D7E2-FC3A-4817-86A5-12B42AB8EC85}"
EndProject
Project("{9A19103F-16F7-4668-BE54-9A1E7A4F7556}") = "Sorting", "Sorting\Sorting.csproj", "{0009359C-3FBE-4835-AD67-A040A0F49D60}"
EndProject
Project("{FAE04EC0-301F-11D3-BF4B-00C04F79EFBC}") = "StringSolutions", "StringSolutions\StringSolutions.csproj", "{9062027D-518C-44FF-98B0-C57DE80B66BC}"
EndProject
Global
	GlobalSection(SolutionConfigurationPlatforms) = preSolution
		Debug|Any CPU = Debug|Any CPU
		Release|Any CPU = Release|Any CPU
	EndGlobalSection
	GlobalSection(ProjectConfigurationPlatforms) = postSolution
		{82B37843-7D23-46DD-8A0B-7511D1A0CB3B}.Debug|Any CPU.ActiveCfg = Debug|Any CPU
		{82B37843-7D23-46DD-8A0B-7511D1A0CB3B}.Debug|Any CPU.Build.0 = Debug|Any CPU
		{82B37843-7D23-46DD-8A0B-7511D1A0CB3B}.Release|Any CPU.ActiveCfg = Release|Any CPU
		{82B37843-7D23-46DD-8A0B-7511D1A0CB3B}.Release|Any CPU.Build.0 = Release|Any CPU
		{2835D7E2-FC3A-4817-86A5-12B42AB8EC85}.Debug|Any CPU.ActiveCfg = Debug|Any CPU
		{2835D7E2-FC3A-4817-86A5-12B42AB8EC85}.Debug|Any CPU.Build.0 = Debug|Any CPU
		{2835D7E2-FC3A-4817-86A5-12B42AB8EC85}.Release|Any CPU.ActiveCfg = Release|Any CPU
		{2835D7E2-FC3A-4817-86A5-12B42AB8EC85}.Release|Any CPU.Build.0 = Release|Any CPU
		{0009359C-3FBE-4835-AD67-A040A0F49D60}.Debug|Any CPU.ActiveCfg = Debug|Any CPU
		{0009359C-3FBE-4835-AD67-A040A0F49D60}.Debug|Any CPU.Build.0 = Debug|Any CPU
		{0009359C-3FBE-4835-AD67-A040A0F49D60}.Release|Any CPU.ActiveCfg = Release|Any CPU
		{0009359C-3FBE-4835-AD67-A040A0F49D60}.Release|Any CPU.Build.0 = Release|Any CPU
		{9062027D-518C-44FF-98B0-C57DE80B66BC}.Debug|Any CPU.ActiveCfg = Debug|Any CPU
		{9062027D-518C-44FF-98B0-C57DE80B66BC}.Debug|Any CPU.Build.0 = Debug|Any CPU
		{9062027D-518C-44FF-98B0-C57DE80B66BC}.Release|Any CPU.ActiveCfg = Release|Any CPU
		{9062027D-518C-44FF-98B0-C57DE80B66BC}.Release|Any CPU.Build.0 = Release|Any CPU
	EndGlobalSection
	GlobalSection(SolutionProperties) = preSolution
		HideSolutionNode = FALSE
	EndGlobalSection
	GlobalSection(ExtensibilityGlobals) = postSolution
		SolutionGuid = {C9194847-6F9A-494B-94DD-E90EAD0878FE}
	EndGlobalSection
EndGlobal
